
Microsoft Visual Studio Solution File, Format Version 12.00
# Visual Studio Version 17
VisualStudioVersion = 17.11.35327.3
MinimumVisualStudioVersion = 10.0.40219.1
Project("{FAE04EC0-301F-11D3-BF4B-00C04F79EFBC}") = "WpfFinalDemo", "WpfFinalDemo\WpfFinalDemo.csproj", "{C0484B7D-B98F-4198-82D2-52982D90C338}"
EndProject
Global
	GlobalSection(SolutionConfigurationPlatforms) = preSolution
		Debug|Any CPU = Debug|Any CPU
		Release|Any CPU = Release|Any CPU
	EndGlobalSection
	GlobalSection(ProjectConfigurationPlatforms) = postSolution
		{C0484B7D-B98F-4198-82D2-52982D90C338}.Debug|Any CPU.ActiveCfg = Debug|Any CPU
		{C0484B7D-B98F-4198-82D2-52982D90C338}.Debug|Any CPU.Build.0 = Debug|Any CPU
		{C0484B7D-B98F-4198-82D2-52982D90C338}.Release|Any CPU.ActiveCfg = Release|Any CPU
		{C0484B7D-B98F-4198-82D2-52982D90C338}.Release|Any CPU.Build.0 = Release|Any CPU
	EndGlobalSection
	GlobalSection(SolutionProperties) = preSolution
		HideSolutionNode = FALSE
	EndGlobalSection
	GlobalSection(ExtensibilityGlobals) = postSolution
		SolutionGuid = {36698C86-ED92-44D2-B3DB-86879583B829}
	EndGlobalSection
EndGlobal
